
Microsoft Visual Studio Solution File, Format Version 12.00
# Visual Studio Version 17
VisualStudioVersion = 17.3.32929.385
MinimumVisualStudioVersion = 10.0.40219.1
Project("{FAE04EC0-301F-11D3-BF4B-00C04F79EFBC}") = "22.12", "22.12\22.12.csproj", "{4F5655EF-4DE1-4C8B-84CA-72BE2D50FF7C}"
EndProject
Global
	GlobalSection(SolutionConfigurationPlatforms) = preSolution
		Debug|Any CPU = Debug|Any CPU
		Release|Any CPU = Release|Any CPU
	EndGlobalSection
	GlobalSection(ProjectConfigurationPlatforms) = postSolution
		{4F5655EF-4DE1-4C8B-84CA-72BE2D50FF7C}.Debug|Any CPU.ActiveCfg = Debug|Any CPU
		{4F5655EF-4DE1-4C8B-84CA-72BE2D50FF7C}.Debug|Any CPU.Build.0 = Debug|Any CPU
		{4F5655EF-4DE1-4C8B-84CA-72BE2D50FF7C}.Release|Any CPU.ActiveCfg = Release|Any CPU
		{4F5655EF-4DE1-4C8B-84CA-72BE2D50FF7C}.Release|Any CPU.Build.0 = Release|Any CPU
	EndGlobalSection
	GlobalSection(SolutionProperties) = preSolution
		HideSolutionNode = FALSE
	EndGlobalSection
	GlobalSection(ExtensibilityGlobals) = postSolution
		SolutionGuid = {1D067599-C943-496D-BD2D-77F69D224A3E}
	EndGlobalSection
EndGlobal
